// !$*UTF8*$!
{
	archiveVersion = 1;
	classes = {
	};
	objectVersion = 55;
	objects = {

/* Begin PBXBuildFile section */
		834E16EE28D167CB00399381 /* Tests_iOS.swift in Sources */ = {isa = PBXBuildFile; fileRef = 834E16ED28D167CB00399381 /* Tests_iOS.swift */; };
		834E16F028D167CB00399381 /* Tests_iOSLaunchTests.swift in Sources */ = {isa = PBXBuildFile; fileRef = 834E16EF28D167CB00399381 /* Tests_iOSLaunchTests.swift */; };
		834E16FA28D167CB00399381 /* Tests_macOS.swift in Sources */ = {isa = PBXBuildFile; fileRef = 834E16F928D167CB00399381 /* Tests_macOS.swift */; };
		834E16FC28D167CB00399381 /* Tests_macOSLaunchTests.swift in Sources */ = {isa = PBXBuildFile; fileRef = 834E16FB28D167CB00399381 /* Tests_macOSLaunchTests.swift */; };
		834E16FD28D167CB00399381 /* DuckWalkerApp.swift in Sources */ = {isa = PBXBuildFile; fileRef = 834E16D528D167CA00399381 /* DuckWalkerApp.swift */; };
		834E16FE28D167CB00399381 /* DuckWalkerApp.swift in Sources */ = {isa = PBXBuildFile; fileRef = 834E16D528D167CA00399381 /* DuckWalkerApp.swift */; };
		834E16FF28D167CB00399381 /* ContentView.swift in Sources */ = {isa = PBXBuildFile; fileRef = 834E16D628D167CA00399381 /* ContentView.swift */; };
		834E170028D167CB00399381 /* ContentView.swift in Sources */ = {isa = PBXBuildFile; fileRef = 834E16D628D167CA00399381 /* ContentView.swift */; };
		834E170128D167CB00399381 /* Assets.xcassets in Resources */ = {isa = PBXBuildFile; fileRef = 834E16D728D167CB00399381 /* Assets.xcassets */; };
		834E170228D167CB00399381 /* Assets.xcassets in Resources */ = {isa = PBXBuildFile; fileRef = 834E16D728D167CB00399381 /* Assets.xcassets */; };
		834E171228D167E200399381 /* Board.swift in Sources */ = {isa = PBXBuildFile; fileRef = 834E171128D167E200399381 /* Board.swift */; };
		834E171328D167E200399381 /* Board.swift in Sources */ = {isa = PBXBuildFile; fileRef = 834E171128D167E200399381 /* Board.swift */; };
		834E171528D1680000399381 /* Tile.swift in Sources */ = {isa = PBXBuildFile; fileRef = 834E171428D1680000399381 /* Tile.swift */; };
		834E171628D1680100399381 /* Tile.swift in Sources */ = {isa = PBXBuildFile; fileRef = 834E171428D1680000399381 /* Tile.swift */; };
		83AB99C328D2D07900DB48E7 /* GIFImage.swift in Sources */ = {isa = PBXBuildFile; fileRef = 83AB99C228D2D07900DB48E7 /* GIFImage.swift */; };
		83AB99C428D2D07900DB48E7 /* GIFImage.swift in Sources */ = {isa = PBXBuildFile; fileRef = 83AB99C228D2D07900DB48E7 /* GIFImage.swift */; };
		83AB99C828D2D1A700DB48E7 /* duck.gif in Resources */ = {isa = PBXBuildFile; fileRef = 83AB99C728D2D1A700DB48E7 /* duck.gif */; };
		83AB99C928D2D1A700DB48E7 /* duck.gif in Resources */ = {isa = PBXBuildFile; fileRef = 83AB99C728D2D1A700DB48E7 /* duck.gif */; };
/* End PBXBuildFile section */

/* Begin PBXContainerItemProxy section */
		834E16EA28D167CB00399381 /* PBXContainerItemProxy */ = {
			isa = PBXContainerItemProxy;
			containerPortal = 834E16D028D167C900399381 /* Project object */;
			proxyType = 1;
			remoteGlobalIDString = 834E16DB28D167CB00399381;
			remoteInfo = "DuckWalker (iOS)";
		};
		834E16F628D167CB00399381 /* PBXContainerItemProxy */ = {
			isa = PBXContainerItemProxy;
			containerPortal = 834E16D028D167C900399381 /* Project object */;
			proxyType = 1;
			remoteGlobalIDString = 834E16E128D167CB00399381;
			remoteInfo = "DuckWalker (macOS)";
		};
/* End PBXContainerItemProxy section */

/* Begin PBXFileReference section */
		834E16D528D167CA00399381 /* DuckWalkerApp.swift */ = {isa = PBXFileReference; lastKnownFileType = sourcecode.swift; path = DuckWalkerApp.swift; sourceTree = "<group>"; };
		834E16D628D167CA00399381 /* ContentView.swift */ = {isa = PBXFileReference; lastKnownFileType = sourcecode.swift; path = ContentView.swift; sourceTree = "<group>"; };
		834E16D728D167CB00399381 /* Assets.xcassets */ = {isa = PBXFileReference; lastKnownFileType = folder.assetcatalog; path = Assets.xcassets; sourceTree = "<group>"; };
		834E16DC28D167CB00399381 /* DuckWalker.app */ = {isa = PBXFileReference; explicitFileType = wrapper.application; includeInIndex = 0; path = DuckWalker.app; sourceTree = BUILT_PRODUCTS_DIR; };
		834E16E228D167CB00399381 /* DuckWalker.app */ = {isa = PBXFileReference; explicitFileType = wrapper.application; includeInIndex = 0; path = DuckWalker.app; sourceTree = BUILT_PRODUCTS_DIR; };
		834E16E428D167CB00399381 /* macOS.entitlements */ = {isa = PBXFileReference; lastKnownFileType = text.plist.entitlements; path = macOS.entitlements; sourceTree = "<group>"; };
		834E16E928D167CB00399381 /* Tests iOS.xctest */ = {isa = PBXFileReference; explicitFileType = wrapper.cfbundle; includeInIndex = 0; path = "Tests iOS.xctest"; sourceTree = BUILT_PRODUCTS_DIR; };
		834E16ED28D167CB00399381 /* Tests_iOS.swift */ = {isa = PBXFileReference; lastKnownFileType = sourcecode.swift; path = Tests_iOS.swift; sourceTree = "<group>"; };
		834E16EF28D167CB00399381 /* Tests_iOSLaunchTests.swift */ = {isa = PBXFileReference; lastKnownFileType = sourcecode.swift; path = Tests_iOSLaunchTests.swift; sourceTree = "<group>"; };
		834E16F528D167CB00399381 /* Tests macOS.xctest */ = {isa = PBXFileReference; explicitFileType = wrapper.cfbundle; includeInIndex = 0; path = "Tests macOS.xctest"; sourceTree = BUILT_PRODUCTS_DIR; };
		834E16F928D167CB00399381 /* Tests_macOS.swift */ = {isa = PBXFileReference; lastKnownFileType = sourcecode.swift; path = Tests_macOS.swift; sourceTree = "<group>"; };
		834E16FB28D167CB00399381 /* Tests_macOSLaunchTests.swift */ = {isa = PBXFileReference; lastKnownFileType = sourcecode.swift; path = Tests_macOSLaunchTests.swift; sourceTree = "<group>"; };
		834E171128D167E200399381 /* Board.swift */ = {isa = PBXFileReference; lastKnownFileType = sourcecode.swift; path = Board.swift; sourceTree = "<group>"; };
		834E171428D1680000399381 /* Tile.swift */ = {isa = PBXFileReference; lastKnownFileType = sourcecode.swift; path = Tile.swift; sourceTree = "<group>"; };
		83AB99C228D2D07900DB48E7 /* GIFImage.swift */ = {isa = PBXFileReference; lastKnownFileType = sourcecode.swift; path = GIFImage.swift; sourceTree = "<group>"; };
		83AB99C728D2D1A700DB48E7 /* duck.gif */ = {isa = PBXFileReference; lastKnownFileType = image.gif; path = duck.gif; sourceTree = "<group>"; };
/* End PBXFileReference section */

/* Begin PBXFrameworksBuildPhase section */
		834E16D928D167CB00399381 /* Frameworks */ = {
			isa = PBXFrameworksBuildPhase;
			buildActionMask = 2147483647;
			files = (
			);
			runOnlyForDeploymentPostprocessing = 0;
		};
		834E16DF28D167CB00399381 /* Frameworks */ = {
			isa = PBXFrameworksBuildPhase;
			buildActionMask = 2147483647;
			files = (
			);
			runOnlyForDeploymentPostprocessing = 0;
		};
		834E16E628D167CB00399381 /* Frameworks */ = {
			isa = PBXFrameworksBuildPhase;
			buildActionMask = 2147483647;
			files = (
			);
			runOnlyForDeploymentPostprocessing = 0;
		};
		834E16F228D167CB00399381 /* Frameworks */ = {
			isa = PBXFrameworksBuildPhase;
			buildActionMask = 2147483647;
			files = (
			);
			runOnlyForDeploymentPostprocessing = 0;
		};
/* End PBXFrameworksBuildPhase section */

/* Begin PBXGroup section */
		834E16CF28D167C900399381 = {
			isa = PBXGroup;
			children = (
				834E16D428D167CA00399381 /* Shared */,
				834E16E328D167CB00399381 /* macOS */,
				834E16EC28D167CB00399381 /* Tests iOS */,
				834E16F828D167CB00399381 /* Tests macOS */,
				834E16DD28D167CB00399381 /* Products */,
			);
			sourceTree = "<group>";
		};
		834E16D428D167CA00399381 /* Shared */ = {
			isa = PBXGroup;
			children = (
				834E16D528D167CA00399381 /* DuckWalkerApp.swift */,
				834E16D628D167CA00399381 /* ContentView.swift */,
				834E171128D167E200399381 /* Board.swift */,
				834E171428D1680000399381 /* Tile.swift */,
				83AB99C228D2D07900DB48E7 /* GIFImage.swift */,
				83AB99C728D2D1A700DB48E7 /* duck.gif */,
				834E16D728D167CB00399381 /* Assets.xcassets */,
			);
			path = Shared;
			sourceTree = "<group>";
		};
		834E16DD28D167CB00399381 /* Products */ = {
			isa = PBXGroup;
			children = (
				834E16DC28D167CB00399381 /* DuckWalker.app */,
				834E16E228D167CB00399381 /* DuckWalker.app */,
				834E16E928D167CB00399381 /* Tests iOS.xctest */,
				834E16F528D167CB00399381 /* Tests macOS.xctest */,
			);
			name = Products;
			sourceTree = "<group>";
		};
		834E16E328D167CB00399381 /* macOS */ = {
			isa = PBXGroup;
			children = (
				834E16E428D167CB00399381 /* macOS.entitlements */,
			);
			path = macOS;
			sourceTree = "<group>";
		};
		834E16EC28D167CB00399381 /* Tests iOS */ = {
			isa = PBXGroup;
			children = (
				834E16ED28D167CB00399381 /* Tests_iOS.swift */,
				834E16EF28D167CB00399381 /* Tests_iOSLaunchTests.swift */,
			);
			path = "Tests iOS";
			sourceTree = "<group>";
		};
		834E16F828D167CB00399381 /* Tests macOS */ = {
			isa = PBXGroup;
			children = (
				834E16F928D167CB00399381 /* Tests_macOS.swift */,
				834E16FB28D167CB00399381 /* Tests_macOSLaunchTests.swift */,
			);
			path = "Tests macOS";
			sourceTree = "<group>";
		};
/* End PBXGroup section */

/* Begin PBXNativeTarget section */
		834E16DB28D167CB00399381 /* DuckWalker (iOS) */ = {
			isa = PBXNativeTarget;
			buildConfigurationList = 834E170528D167CB00399381 /* Build configuration list for PBXNativeTarget "DuckWalker (iOS)" */;
			buildPhases = (
				834E16D828D167CB00399381 /* Sources */,
				834E16D928D167CB00399381 /* Frameworks */,
				834E16DA28D167CB00399381 /* Resources */,
			);
			buildRules = (
			);
			dependencies = (
			);
			name = "DuckWalker (iOS)";
			productName = "DuckWalker (iOS)";
			productReference = 834E16DC28D167CB00399381 /* DuckWalker.app */;
			productType = "com.apple.product-type.application";
		};
		834E16E128D167CB00399381 /* DuckWalker (macOS) */ = {
			isa = PBXNativeTarget;
			buildConfigurationList = 834E170828D167CB00399381 /* Build configuration list for PBXNativeTarget "DuckWalker (macOS)" */;
			buildPhases = (
				834E16DE28D167CB00399381 /* Sources */,
				834E16DF28D167CB00399381 /* Frameworks */,
				834E16E028D167CB00399381 /* Resources */,
			);
			buildRules = (
			);
			dependencies = (
			);
			name = "DuckWalker (macOS)";
			productName = "DuckWalker (macOS)";
			productReference = 834E16E228D167CB00399381 /* DuckWalker.app */;
			productType = "com.apple.product-type.application";
		};
		834E16E828D167CB00399381 /* Tests iOS */ = {
			isa = PBXNativeTarget;
			buildConfigurationList = 834E170B28D167CB00399381 /* Build configuration list for PBXNativeTarget "Tests iOS" */;
			buildPhases = (
				834E16E528D167CB00399381 /* Sources */,
				834E16E628D167CB00399381 /* Frameworks */,
				834E16E728D167CB00399381 /* Resources */,
			);
			buildRules = (
			);
			dependencies = (
				834E16EB28D167CB00399381 /* PBXTargetDependency */,
			);
			name = "Tests iOS";
			productName = "Tests iOS";
			productReference = 834E16E928D167CB00399381 /* Tests iOS.xctest */;
			productType = "com.apple.product-type.bundle.ui-testing";
		};
		834E16F428D167CB00399381 /* Tests macOS */ = {
			isa = PBXNativeTarget;
			buildConfigurationList = 834E170E28D167CB00399381 /* Build configuration list for PBXNativeTarget "Tests macOS" */;
			buildPhases = (
				834E16F128D167CB00399381 /* Sources */,
				834E16F228D167CB00399381 /* Frameworks */,
				834E16F328D167CB00399381 /* Resources */,
			);
			buildRules = (
			);
			dependencies = (
				834E16F728D167CB00399381 /* PBXTargetDependency */,
			);
			name = "Tests macOS";
			productName = "Tests macOS";
			productReference = 834E16F528D167CB00399381 /* Tests macOS.xctest */;
			productType = "com.apple.product-type.bundle.ui-testing";
		};
/* End PBXNativeTarget section */

/* Begin PBXProject section */
		834E16D028D167C900399381 /* Project object */ = {
			isa = PBXProject;
			attributes = {
				BuildIndependentTargetsInParallel = 1;
				LastSwiftUpdateCheck = 1300;
				LastUpgradeCheck = 1300;
				TargetAttributes = {
					834E16DB28D167CB00399381 = {
						CreatedOnToolsVersion = 13.0;
					};
					834E16E128D167CB00399381 = {
						CreatedOnToolsVersion = 13.0;
					};
					834E16E828D167CB00399381 = {
						CreatedOnToolsVersion = 13.0;
						TestTargetID = 834E16DB28D167CB00399381;
					};
					834E16F428D167CB00399381 = {
						CreatedOnToolsVersion = 13.0;
						TestTargetID = 834E16E128D167CB00399381;
					};
				};
			};
			buildConfigurationList = 834E16D328D167C900399381 /* Build configuration list for PBXProject "DuckWalker" */;
			compatibilityVersion = "Xcode 13.0";
			developmentRegion = en;
			hasScannedForEncodings = 0;
			knownRegions = (
				en,
				Base,
			);
			mainGroup = 834E16CF28D167C900399381;
			productRefGroup = 834E16DD28D167CB00399381 /* Products */;
			projectDirPath = "";
			projectRoot = "";
			targets = (
				834E16DB28D167CB00399381 /* DuckWalker (iOS) */,
				834E16E128D167CB00399381 /* DuckWalker (macOS) */,
				834E16E828D167CB00399381 /* Tests iOS */,
				834E16F428D167CB00399381 /* Tests macOS */,
			);
		};
/* End PBXProject section */

/* Begin PBXResourcesBuildPhase section */
		834E16DA28D167CB00399381 /* Resources */ = {
			isa = PBXResourcesBuildPhase;
			buildActionMask = 2147483647;
			files = (
				834E170128D167CB00399381 /* Assets.xcassets in Resources */,
				83AB99C828D2D1A700DB48E7 /* duck.gif in Resources */,
			);
			runOnlyForDeploymentPostprocessing = 0;
		};
		834E16E028D167CB00399381 /* Resources */ = {
			isa = PBXResourcesBuildPhase;
			buildActionMask = 2147483647;
			files = (
				834E170228D167CB00399381 /* Assets.xcassets in Resources */,
				83AB99C928D2D1A700DB48E7 /* duck.gif in Resources */,
			);
			runOnlyForDeploymentPostprocessing = 0;
		};
		834E16E728D167CB00399381 /* Resources */ = {
			isa = PBXResourcesBuildPhase;
			buildActionMask = 2147483647;
			files = (
			);
			runOnlyForDeploymentPostprocessing = 0;
		};
		834E16F328D167CB00399381 /* Resources */ = {
			isa = PBXResourcesBuildPhase;
			buildActionMask = 2147483647;
			files = (
			);
			runOnlyForDeploymentPostprocessing = 0;
		};
/* End PBXResourcesBuildPhase section */

/* Begin PBXSourcesBuildPhase section */
		834E16D828D167CB00399381 /* Sources */ = {
			isa = PBXSourcesBuildPhase;
			buildActionMask = 2147483647;
			files = (
				83AB99C328D2D07900DB48E7 /* GIFImage.swift in Sources */,
				834E16FF28D167CB00399381 /* ContentView.swift in Sources */,
				834E16FD28D167CB00399381 /* DuckWalkerApp.swift in Sources */,
				834E171228D167E200399381 /* Board.swift in Sources */,
				834E171528D1680000399381 /* Tile.swift in Sources */,
			);
			runOnlyForDeploymentPostprocessing = 0;
		};
		834E16DE28D167CB00399381 /* Sources */ = {
			isa = PBXSourcesBuildPhase;
			buildActionMask = 2147483647;
			files = (
				83AB99C428D2D07900DB48E7 /* GIFImage.swift in Sources */,
				834E170028D167CB00399381 /* ContentView.swift in Sources */,
				834E16FE28D167CB00399381 /* DuckWalkerApp.swift in Sources */,
				834E171328D167E200399381 /* Board.swift in Sources */,
				834E171628D1680100399381 /* Tile.swift in Sources */,
			);
			runOnlyForDeploymentPostprocessing = 0;
		};
		834E16E528D167CB00399381 /* Sources */ = {
			isa = PBXSourcesBuildPhase;
			buildActionMask = 2147483647;
			files = (
				834E16F028D167CB00399381 /* Tests_iOSLaunchTests.swift in Sources */,
				834E16EE28D167CB00399381 /* Tests_iOS.swift in Sources */,
			);
			runOnlyForDeploymentPostprocessing = 0;
		};
		834E16F128D167CB00399381 /* Sources */ = {
			isa = PBXSourcesBuildPhase;
			buildActionMask = 2147483647;
			files = (
				834E16FC28D167CB00399381 /* Tests_macOSLaunchTests.swift in Sources */,
				834E16FA28D167CB00399381 /* Tests_macOS.swift in Sources */,
			);
			runOnlyForDeploymentPostprocessing = 0;
		};
/* End PBXSourcesBuildPhase section */

/* Begin PBXTargetDependency section */
		834E16EB28D167CB00399381 /* PBXTargetDependency */ = {
			isa = PBXTargetDependency;
			target = 834E16DB28D167CB00399381 /* DuckWalker (iOS) */;
			targetProxy = 834E16EA28D167CB00399381 /* PBXContainerItemProxy */;
		};
		834E16F728D167CB00399381 /* PBXTargetDependency */ = {
			isa = PBXTargetDependency;
			target = 834E16E128D167CB00399381 /* DuckWalker (macOS) */;
			targetProxy = 834E16F628D167CB00399381 /* PBXContainerItemProxy */;
		};
/* End PBXTargetDependency section */

/* Begin XCBuildConfiguration section */
		834E170328D167CB00399381 /* Debug */ = {
			isa = XCBuildConfiguration;
			buildSettings = {
				ALWAYS_SEARCH_USER_PATHS = NO;
				CLANG_ANALYZER_NONNULL = YES;
				CLANG_ANALYZER_NUMBER_OBJECT_CONVERSION = YES_AGGRESSIVE;
				CLANG_CXX_LANGUAGE_STANDARD = "gnu++17";
				CLANG_CXX_LIBRARY = "libc++";
				CLANG_ENABLE_MODULES = YES;
				CLANG_ENABLE_OBJC_ARC = YES;
				CLANG_ENABLE_OBJC_WEAK = YES;
				CLANG_WARN_BLOCK_CAPTURE_AUTORELEASING = YES;
				CLANG_WARN_BOOL_CONVERSION = YES;
				CLANG_WARN_COMMA = YES;
				CLANG_WARN_CONSTANT_CONVERSION = YES;
				CLANG_WARN_DEPRECATED_OBJC_IMPLEMENTATIONS = YES;
				CLANG_WARN_DIRECT_OBJC_ISA_USAGE = YES_ERROR;
				CLANG_WARN_DOCUMENTATION_COMMENTS = YES;
				CLANG_WARN_EMPTY_BODY = YES;
				CLANG_WARN_ENUM_CONVERSION = YES;
				CLANG_WARN_INFINITE_RECURSION = YES;
				CLANG_WARN_INT_CONVERSION = YES;
				CLANG_WARN_NON_LITERAL_NULL_CONVERSION = YES;
				CLANG_WARN_OBJC_IMPLICIT_RETAIN_SELF = YES;
				CLANG_WARN_OBJC_LITERAL_CONVERSION = YES;
				CLANG_WARN_OBJC_ROOT_CLASS = YES_ERROR;
				CLANG_WARN_QUOTED_INCLUDE_IN_FRAMEWORK_HEADER = YES;
				CLANG_WARN_RANGE_LOOP_ANALYSIS = YES;
				CLANG_WARN_STRICT_PROTOTYPES = YES;
				CLANG_WARN_SUSPICIOUS_MOVE = YES;
				CLANG_WARN_UNGUARDED_AVAILABILITY = YES_AGGRESSIVE;
				CLANG_WARN_UNREACHABLE_CODE = YES;
				CLANG_WARN__DUPLICATE_METHOD_MATCH = YES;
				COPY_PHASE_STRIP = NO;
				DEBUG_INFORMATION_FORMAT = dwarf;
				ENABLE_STRICT_OBJC_MSGSEND = YES;
				ENABLE_TESTABILITY = YES;
				GCC_C_LANGUAGE_STANDARD = gnu11;
				GCC_DYNAMIC_NO_PIC = NO;
				GCC_NO_COMMON_BLOCKS = YES;
				GCC_OPTIMIZATION_LEVEL = 0;
				GCC_PREPROCESSOR_DEFINITIONS = (
					"DEBUG=1",
					"$(inherited)",
				);
				GCC_WARN_64_TO_32_BIT_CONVERSION = YES;
				GCC_WARN_ABOUT_RETURN_TYPE = YES_ERROR;
				GCC_WARN_UNDECLARED_SELECTOR = YES;
				GCC_WARN_UNINITIALIZED_AUTOS = YES_AGGRESSIVE;
				GCC_WARN_UNUSED_FUNCTION = YES;
				GCC_WARN_UNUSED_VARIABLE = YES;
				MTL_ENABLE_DEBUG_INFO = INCLUDE_SOURCE;
				MTL_FAST_MATH = YES;
				ONLY_ACTIVE_ARCH = YES;
				SWIFT_ACTIVE_COMPILATION_CONDITIONS = DEBUG;
				SWIFT_OPTIMIZATION_LEVEL = "-Onone";
			};
			name = Debug;
		};
		834E170428D167CB00399381 /* Release */ = {
			isa = XCBuildConfiguration;
			buildSettings = {
				ALWAYS_SEARCH_USER_PATHS = NO;
				CLANG_ANALYZER_NONNULL = YES;
				CLANG_ANALYZER_NUMBER_OBJECT_CONVERSION = YES_AGGRESSIVE;
				CLANG_CXX_LANGUAGE_STANDARD = "gnu++17";
				CLANG_CXX_LIBRARY = "libc++";
				CLANG_ENABLE_MODULES = YES;
				CLANG_ENABLE_OBJC_ARC = YES;
				CLANG_ENABLE_OBJC_WEAK = YES;
				CLANG_WARN_BLOCK_CAPTURE_AUTORELEASING = YES;
				CLANG_WARN_BOOL_CONVERSION = YES;
				CLANG_WARN_COMMA = YES;
				CLANG_WARN_CONSTANT_CONVERSION = YES;
				CLANG_WARN_DEPRECATED_OBJC_IMPLEMENTATIONS = YES;
				CLANG_WARN_DIRECT_OBJC_ISA_USAGE = YES_ERROR;
				CLANG_WARN_DOCUMENTATION_COMMENTS = YES;
				CLANG_WARN_EMPTY_BODY = YES;
				CLANG_WARN_ENUM_CONVERSION = YES;
				CLANG_WARN_INFINITE_RECURSION = YES;
				CLANG_WARN_INT_CONVERSION = YES;
				CLANG_WARN_NON_LITERAL_NULL_CONVERSION = YES;
				CLANG_WARN_OBJC_IMPLICIT_RETAIN_SELF = YES;
				CLANG_WARN_OBJC_LITERAL_CONVERSION = YES;
				CLANG_WARN_OBJC_ROOT_CLASS = YES_ERROR;
				CLANG_WARN_QUOTED_INCLUDE_IN_FRAMEWORK_HEADER = YES;
				CLANG_WARN_RANGE_LOOP_ANALYSIS = YES;
				CLANG_WARN_STRICT_PROTOTYPES = YES;
				CLANG_WARN_SUSPICIOUS_MOVE = YES;
				CLANG_WARN_UNGUARDED_AVAILABILITY = YES_AGGRESSIVE;
				CLANG_WARN_UNREACHABLE_CODE = YES;
				CLANG_WARN__DUPLICATE_METHOD_MATCH = YES;
				COPY_PHASE_STRIP = NO;
				DEBUG_INFORMATION_FORMAT = "dwarf-with-dsym";
				ENABLE_NS_ASSERTIONS = NO;
				ENABLE_STRICT_OBJC_MSGSEND = YES;
				GCC_C_LANGUAGE_STANDARD = gnu11;
				GCC_NO_COMMON_BLOCKS = YES;
				GCC_WARN_64_TO_32_BIT_CONVERSION = YES;
				GCC_WARN_ABOUT_RETURN_TYPE = YES_ERROR;
				GCC_WARN_UNDECLARED_SELECTOR = YES;
				GCC_WARN_UNINITIALIZED_AUTOS = YES_AGGRESSIVE;
				GCC_WARN_UNUSED_FUNCTION = YES;
				GCC_WARN_UNUSED_VARIABLE = YES;
				MTL_ENABLE_DEBUG_INFO = NO;
				MTL_FAST_MATH = YES;
				SWIFT_COMPILATION_MODE = wholemodule;
				SWIFT_OPTIMIZATION_LEVEL = "-O";
			};
			name = Release;
		};
		834E170628D167CB00399381 /* Debug */ = {
			isa = XCBuildConfiguration;
			buildSettings = {
				ASSETCATALOG_COMPILER_APPICON_NAME = AppIcon;
				ASSETCATALOG_COMPILER_GLOBAL_ACCENT_COLOR_NAME = AccentColor;
				CODE_SIGN_STYLE = Automatic;
				CURRENT_PROJECT_VERSION = 1;
				ENABLE_PREVIEWS = YES;
				GENERATE_INFOPLIST_FILE = YES;
				INFOPLIST_KEY_UIApplicationSceneManifest_Generation = YES;
				INFOPLIST_KEY_UIApplicationSupportsIndirectInputEvents = YES;
				INFOPLIST_KEY_UILaunchScreen_Generation = YES;
				INFOPLIST_KEY_UISupportedInterfaceOrientations_iPad = "UIInterfaceOrientationPortrait UIInterfaceOrientationPortraitUpsideDown UIInterfaceOrientationLandscapeLeft UIInterfaceOrientationLandscapeRight";
				INFOPLIST_KEY_UISupportedInterfaceOrientations_iPhone = "UIInterfaceOrientationPortrait UIInterfaceOrientationLandscapeLeft UIInterfaceOrientationLandscapeRight";
				IPHONEOS_DEPLOYMENT_TARGET = 14.0;
				LD_RUNPATH_SEARCH_PATHS = (
					"$(inherited)",
					"@executable_path/Frameworks",
				);
				MARKETING_VERSION = 1.0;
				PRODUCT_BUNDLE_IDENTIFIER = com.practicing.DuckWalker;
				PRODUCT_NAME = DuckWalker;
				SDKROOT = iphoneos;
				SWIFT_EMIT_LOC_STRINGS = YES;
				SWIFT_VERSION = 5.0;
				TARGETED_DEVICE_FAMILY = "1,2";
			};
			name = Debug;
		};
		834E170728D167CB00399381 /* Release */ = {
			isa = XCBuildConfiguration;
			buildSettings = {
				ASSETCATALOG_COMPILER_APPICON_NAME = AppIcon;
				ASSETCATALOG_COMPILER_GLOBAL_ACCENT_COLOR_NAME = AccentColor;
				CODE_SIGN_STYLE = Automatic;
				CURRENT_PROJECT_VERSION = 1;
				ENABLE_PREVIEWS = YES;
				GENERATE_INFOPLIST_FILE = YES;
				INFOPLIST_KEY_UIApplicationSceneManifest_Generation = YES;
				INFOPLIST_KEY_UIApplicationSupportsIndirectInputEvents = YES;
				INFOPLIST_KEY_UILaunchScreen_Generation = YES;
				INFOPLIST_KEY_UISupportedInterfaceOrientations_iPad = "UIInterfaceOrientationPortrait UIInterfaceOrientationPortraitUpsideDown UIInterfaceOrientationLandscapeLeft UIInterfaceOrientationLandscapeRight";
				INFOPLIST_KEY_UISupportedInterfaceOrientations_iPhone = "UIInterfaceOrientationPortrait UIInterfaceOrientationLandscapeLeft UIInterfaceOrientationLandscapeRight";
				IPHONEOS_DEPLOYMENT_TARGET = 14.0;
				LD_RUNPATH_SEARCH_PATHS = (
					"$(inherited)",
					"@executable_path/Frameworks",
				);
				MARKETING_VERSION = 1.0;
				PRODUCT_BUNDLE_IDENTIFIER = com.practicing.DuckWalker;
				PRODUCT_NAME = DuckWalker;
				SDKROOT = iphoneos;
				SWIFT_EMIT_LOC_STRINGS = YES;
				SWIFT_VERSION = 5.0;
				TARGETED_DEVICE_FAMILY = "1,2";
				VALIDATE_PRODUCT = YES;
			};
			name = Release;
		};
		834E170928D167CB00399381 /* Debug */ = {
			isa = XCBuildConfiguration;
			buildSettings = {
				ASSETCATALOG_COMPILER_APPICON_NAME = AppIcon;
				ASSETCATALOG_COMPILER_GLOBAL_ACCENT_COLOR_NAME = AccentColor;
				CODE_SIGN_ENTITLEMENTS = macOS/macOS.entitlements;
				CODE_SIGN_STYLE = Automatic;
				COMBINE_HIDPI_IMAGES = YES;
				CURRENT_PROJECT_VERSION = 1;
				ENABLE_PREVIEWS = YES;
				GENERATE_INFOPLIST_FILE = YES;
				INFOPLIST_KEY_NSHumanReadableCopyright = "";
				LD_RUNPATH_SEARCH_PATHS = (
					"$(inherited)",
					"@executable_path/../Frameworks",
				);
				MACOSX_DEPLOYMENT_TARGET = 11.0;
				MARKETING_VERSION = 1.0;
				PRODUCT_BUNDLE_IDENTIFIER = com.practicing.DuckWalker;
				PRODUCT_NAME = DuckWalker;
				SDKROOT = macosx;
				SWIFT_EMIT_LOC_STRINGS = YES;
				SWIFT_VERSION = 5.0;
			};
			name = Debug;
		};
		834E170A28D167CB00399381 /* Release */ = {
			isa = XCBuildConfiguration;
			buildSettings = {
				ASSETCATALOG_COMPILER_APPICON_NAME = AppIcon;
				ASSETCATALOG_COMPILER_GLOBAL_ACCENT_COLOR_NAME = AccentColor;
				CODE_SIGN_ENTITLEMENTS = macOS/macOS.entitlements;
				CODE_SIGN_STYLE = Automatic;
				COMBINE_HIDPI_IMAGES = YES;
				CURRENT_PROJECT_VERSION = 1;
				ENABLE_PREVIEWS = YES;
				GENERATE_INFOPLIST_FILE = YES;
				INFOPLIST_KEY_NSHumanReadableCopyright = "";
				LD_RUNPATH_SEARCH_PATHS = (
					"$(inherited)",
					"@executable_path/../Frameworks",
				);
				MACOSX_DEPLOYMENT_TARGET = 11.0;
				MARKETING_VERSION = 1.0;
				PRODUCT_BUNDLE_IDENTIFIER = com.practicing.DuckWalker;
				PRODUCT_NAME = DuckWalker;
				SDKROOT = macosx;
				SWIFT_EMIT_LOC_STRINGS = YES;
				SWIFT_VERSION = 5.0;
			};
			name = Release;
		};
		834E170C28D167CB00399381 /* Debug */ = {
			isa = XCBuildConfiguration;
			buildSettings = {
				ALWAYS_EMBED_SWIFT_STANDARD_LIBRARIES = YES;
				CODE_SIGN_STYLE = Automatic;
				CURRENT_PROJECT_VERSION = 1;
				GENERATE_INFOPLIST_FILE = YES;
				IPHONEOS_DEPLOYMENT_TARGET = 15.0;
				LD_RUNPATH_SEARCH_PATHS = (
					"$(inherited)",
					"@executable_path/Frameworks",
					"@loader_path/Frameworks",
				);
				MARKETING_VERSION = 1.0;
				PRODUCT_BUNDLE_IDENTIFIER = "com.practicing.Tests-iOS";
				PRODUCT_NAME = "$(TARGET_NAME)";
				SDKROOT = iphoneos;
				SWIFT_EMIT_LOC_STRINGS = NO;
				SWIFT_VERSION = 5.0;
				TARGETED_DEVICE_FAMILY = "1,2";
				TEST_TARGET_NAME = "DuckWalker (iOS)";
			};
			name = Debug;
		};
		834E170D28D167CB00399381 /* Release */ = {
			isa = XCBuildConfiguration;
			buildSettings = {
				ALWAYS_EMBED_SWIFT_STANDARD_LIBRARIES = YES;
				CODE_SIGN_STYLE = Automatic;
				CURRENT_PROJECT_VERSION = 1;
				GENERATE_INFOPLIST_FILE = YES;
				IPHONEOS_DEPLOYMENT_TARGET = 15.0;
				LD_RUNPATH_SEARCH_PATHS = (
					"$(inherited)",
					"@executable_path/Frameworks",
					"@loader_path/Frameworks",
				);
				MARKETING_VERSION = 1.0;
				PRODUCT_BUNDLE_IDENTIFIER = "com.practicing.Tests-iOS";
				PRODUCT_NAME = "$(TARGET_NAME)";
				SDKROOT = iphoneos;
				SWIFT_EMIT_LOC_STRINGS = NO;
				SWIFT_VERSION = 5.0;
				TARGETED_DEVICE_FAMILY = "1,2";
				TEST_TARGET_NAME = "DuckWalker (iOS)";
				VALIDATE_PRODUCT = YES;
			};
			name = Release;
		};
		834E170F28D167CB00399381 /* Debug */ = {
			isa = XCBuildConfiguration;
			buildSettings = {
				ALWAYS_EMBED_SWIFT_STANDARD_LIBRARIES = YES;
				CODE_SIGN_STYLE = Automatic;
				COMBINE_HIDPI_IMAGES = YES;
				CURRENT_PROJECT_VERSION = 1;
				GENERATE_INFOPLIST_FILE = YES;
				LD_RUNPATH_SEARCH_PATHS = (
					"$(inherited)",
					"@executable_path/../Frameworks",
					"@loader_path/../Frameworks",
				);
				MACOSX_DEPLOYMENT_TARGET = 11.3;
				MARKETING_VERSION = 1.0;
				PRODUCT_BUNDLE_IDENTIFIER = "com.practicing.Tests-macOS";
				PRODUCT_NAME = "$(TARGET_NAME)";
				SDKROOT = macosx;
				SWIFT_EMIT_LOC_STRINGS = NO;
				SWIFT_VERSION = 5.0;
				TEST_TARGET_NAME = "DuckWalker (macOS)";
			};
			name = Debug;
		};
		834E171028D167CB00399381 /* Release */ = {
			isa = XCBuildConfiguration;
			buildSettings = {
				ALWAYS_EMBED_SWIFT_STANDARD_LIBRARIES = YES;
				CODE_SIGN_STYLE = Automatic;
				COMBINE_HIDPI_IMAGES = YES;
				CURRENT_PROJECT_VERSION = 1;
				GENERATE_INFOPLIST_FILE = YES;
				LD_RUNPATH_SEARCH_PATHS = (
					"$(inherited)",
					"@executable_path/../Frameworks",
					"@loader_path/../Frameworks",
				);
				MACOSX_DEPLOYMENT_TARGET = 11.3;
				MARKETING_VERSION = 1.0;
				PRODUCT_BUNDLE_IDENTIFIER = "com.practicing.Tests-macOS";
				PRODUCT_NAME = "$(TARGET_NAME)";
				SDKROOT = macosx;
				SWIFT_EMIT_LOC_STRINGS = NO;
				SWIFT_VERSION = 5.0;
				TEST_TARGET_NAME = "DuckWalker (macOS)";
			};
			name = Release;
		};
/* End XCBuildConfiguration section */

/* Begin XCConfigurationList section */
		834E16D328D167C900399381 /* Build configuration list for PBXProject "DuckWalker" */ = {
			isa = XCConfigurationList;
			buildConfigurations = (
				834E170328D167CB00399381 /* Debug */,
				834E170428D167CB00399381 /* Release */,
			);
			defaultConfigurationIsVisible = 0;
			defaultConfigurationName = Release;
		};
		834E170528D167CB00399381 /* Build configuration list for PBXNativeTarget "DuckWalker (iOS)" */ = {
			isa = XCConfigurationList;
			buildConfigurations = (
				834E170628D167CB00399381 /* Debug */,
				834E170728D167CB00399381 /* Release */,
			);
			defaultConfigurationIsVisible = 0;
			defaultConfigurationName = Release;
		};
		834E170828D167CB00399381 /* Build configuration list for PBXNativeTarget "DuckWalker (macOS)" */ = {
			isa = XCConfigurationList;
			buildConfigurations = (
				834E170928D167CB00399381 /* Debug */,
				834E170A28D167CB00399381 /* Release */,
			);
			defaultConfigurationIsVisible = 0;
			defaultConfigurationName = Release;
		};
		834E170B28D167CB00399381 /* Build configuration list for PBXNativeTarget "Tests iOS" */ = {
			isa = XCConfigurationList;
			buildConfigurations = (
				834E170C28D167CB00399381 /* Debug */,
				834E170D28D167CB00399381 /* Release */,
			);
			defaultConfigurationIsVisible = 0;
			defaultConfigurationName = Release;
		};
		834E170E28D167CB00399381 /* Build configuration list for PBXNativeTarget "Tests macOS" */ = {
			isa = XCConfigurationList;
			buildConfigurations = (
				834E170F28D167CB00399381 /* Debug */,
				834E171028D167CB00399381 /* Release */,
			);
			defaultConfigurationIsVisible = 0;
			defaultConfigurationName = Release;
		};
/* End XCConfigurationList section */
	};
	rootObject = 834E16D028D167C900399381 /* Project object */;
}
